{
    "_meta": {
        "hash": {
            "sha256": "b6397044be8f548a64a484b752f2410f5da0d4439b63bdbe7f63e8231f553abd"
        },
        "pipfile-spec": 6,
        "requires": {
            "python_version": "3.6"
        },
        "sources": [
            {
                "name": "pypi",
                "url": "https://pypi.org/simple",
                "verify_ssl": true
            }
        ]
    },
    "default": {
        "click": {
            "hashes": [
                "sha256:2335065e6395b9e67ca716de5f7526736bfa6ceead690adf616d925bdc622b13",
                "sha256:5b94b49521f6456670fdb30cd82a4eca9412788a93fa6dd6df72c94d5a8ff2d7"
            ],
            "index": "pypi",
            "version": "==7.0"
        },
        "et-xmlfile": {
            "hashes": [
                "sha256:614d9722d572f6246302c4491846d2c393c199cfa4edc9af593437691683335b"
            ],
            "version": "==1.0.1"
        },
        "jdcal": {
            "hashes": [
                "sha256:1abf1305fce18b4e8aa248cf8fe0c56ce2032392bc64bbd61b5dff2a19ec8bba",
                "sha256:472872e096eb8df219c23f2689fc336668bdb43d194094b5cc1707e1640acfc8"
            ],
            "version": "==1.4.1"
        },
        "openpyxl": {
            "hashes": [
                "sha256:1d2af392cef8c8227bd2ac3ebe3a28b25aba74fd4fa473ce106065f0b73bfe2e"
            ],
            "index": "pypi",
            "version": "==2.6.2"
        }
    },
    "develop": {}
}
